
Microsoft Visual Studio Solution File, Format Version 12.00
# Visual Studio Express 14 for Windows Desktop
VisualStudioVersion = 14.0.25420.1
MinimumVisualStudioVersion = 10.0.40219.1
Project("{FAE04EC0-301F-11D3-BF4B-00C04F79EFBC}") = "MainGUI", "MainGUI\MainGUI.csproj", "{C919EE08-5FB5-4384-9756-FC56D14BD88B}"
EndProject
Project("{FAE04EC0-301F-11D3-BF4B-00C04F79EFBC}") = "MacroCreation", "MacroCreation\MacroCreation.csproj", "{AC7F155F-4349-4D25-94E8-47E31B35F16A}"
EndProject
Project("{FAE04EC0-301F-11D3-BF4B-00C04F79EFBC}") = "JPSAConversion", "JPSAConversion\JPSAConversion.csproj", "{681BA5BF-476A-4E9A-A444-37FA42A31DAD}"
EndProject
Project("{FAE04EC0-301F-11D3-BF4B-00C04F79EFBC}") = "CommonFunctions", "CommonFunctions\CommonFunctions.csproj", "{AEB49A78-7FF2-41C6-A83B-7E3213610752}"
EndProject
Project("{FAE04EC0-301F-11D3-BF4B-00C04F79EFBC}") = "MacroEdit", "MacroEdit\MacroEdit.csproj", "{7153EDCC-847E-41FA-B5B7-630D3DE801C9}"
EndProject
Project("{FAE04EC0-301F-11D3-BF4B-00C04F79EFBC}") = "AerotechConversion", "AerotechConversion\AerotechConversion.csproj", "{84249A19-2D6C-41F6-B79B-1757AB372CA1}"
EndProject
Project("{FAE04EC0-301F-11D3-BF4B-00C04F79EFBC}") = "DielectricConversion", "DielectricConversion\DielectricConversion.csproj", "{1114D9E2-5B4C-431F-BE3E-7D57CC343601}"
EndProject
Project("{2150E333-8FDC-42A3-9474-1A3956D46DE8}") = "Tests", "Tests", "{F3B32228-2C1F-4299-9E2B-F149AAB2EF99}"
EndProject
Project("{FAE04EC0-301F-11D3-BF4B-00C04F79EFBC}") = "CommonFunctionsTests", "CommonFunctionsTests\CommonFunctionsTests.csproj", "{7DAC770C-038D-4522-99D7-B5A576A8E3A7}"
EndProject
Project("{FAE04EC0-301F-11D3-BF4B-00C04F79EFBC}") = "DielectricConversionTests1", "DielectricConversionTests1\DielectricConversionTests1.csproj", "{A39FE42B-0521-4785-B95B-7805C1026D01}"
EndProject
Global
	GlobalSection(SolutionConfigurationPlatforms) = preSolution
		Debug|Any CPU = Debug|Any CPU
		Release|Any CPU = Release|Any CPU
	EndGlobalSection
	GlobalSection(ProjectConfigurationPlatforms) = postSolution
		{C919EE08-5FB5-4384-9756-FC56D14BD88B}.Debug|Any CPU.ActiveCfg = Debug|Any CPU
		{C919EE08-5FB5-4384-9756-FC56D14BD88B}.Debug|Any CPU.Build.0 = Debug|Any CPU
		{C919EE08-5FB5-4384-9756-FC56D14BD88B}.Release|Any CPU.ActiveCfg = Release|Any CPU
		{C919EE08-5FB5-4384-9756-FC56D14BD88B}.Release|Any CPU.Build.0 = Release|Any CPU
		{AC7F155F-4349-4D25-94E8-47E31B35F16A}.Debug|Any CPU.ActiveCfg = Debug|Any CPU
		{AC7F155F-4349-4D25-94E8-47E31B35F16A}.Debug|Any CPU.Build.0 = Debug|Any CPU
		{AC7F155F-4349-4D25-94E8-47E31B35F16A}.Release|Any CPU.ActiveCfg = Release|Any CPU
		{AC7F155F-4349-4D25-94E8-47E31B35F16A}.Release|Any CPU.Build.0 = Release|Any CPU
		{681BA5BF-476A-4E9A-A444-37FA42A31DAD}.Debug|Any CPU.ActiveCfg = Debug|Any CPU
		{681BA5BF-476A-4E9A-A444-37FA42A31DAD}.Debug|Any CPU.Build.0 = Debug|Any CPU
		{681BA5BF-476A-4E9A-A444-37FA42A31DAD}.Release|Any CPU.ActiveCfg = Release|Any CPU
		{681BA5BF-476A-4E9A-A444-37FA42A31DAD}.Release|Any CPU.Build.0 = Release|Any CPU
		{AEB49A78-7FF2-41C6-A83B-7E3213610752}.Debug|Any CPU.ActiveCfg = Debug|Any CPU
		{AEB49A78-7FF2-41C6-A83B-7E3213610752}.Debug|Any CPU.Build.0 = Debug|Any CPU
		{AEB49A78-7FF2-41C6-A83B-7E3213610752}.Release|Any CPU.ActiveCfg = Release|Any CPU
		{AEB49A78-7FF2-41C6-A83B-7E3213610752}.Release|Any CPU.Build.0 = Release|Any CPU
		{7153EDCC-847E-41FA-B5B7-630D3DE801C9}.Debug|Any CPU.ActiveCfg = Debug|Any CPU
		{7153EDCC-847E-41FA-B5B7-630D3DE801C9}.Debug|Any CPU.Build.0 = Debug|Any CPU
		{7153EDCC-847E-41FA-B5B7-630D3DE801C9}.Release|Any CPU.ActiveCfg = Release|Any CPU
		{7153EDCC-847E-41FA-B5B7-630D3DE801C9}.Release|Any CPU.Build.0 = Release|Any CPU
		{84249A19-2D6C-41F6-B79B-1757AB372CA1}.Debug|Any CPU.ActiveCfg = Debug|Any CPU
		{84249A19-2D6C-41F6-B79B-1757AB372CA1}.Debug|Any CPU.Build.0 = Debug|Any CPU
		{84249A19-2D6C-41F6-B79B-1757AB372CA1}.Release|Any CPU.ActiveCfg = Release|Any CPU
		{84249A19-2D6C-41F6-B79B-1757AB372CA1}.Release|Any CPU.Build.0 = Release|Any CPU
		{1114D9E2-5B4C-431F-BE3E-7D57CC343601}.Debug|Any CPU.ActiveCfg = Debug|Any CPU
		{1114D9E2-5B4C-431F-BE3E-7D57CC343601}.Debug|Any CPU.Build.0 = Debug|Any CPU
		{1114D9E2-5B4C-431F-BE3E-7D57CC343601}.Release|Any CPU.ActiveCfg = Release|Any CPU
		{1114D9E2-5B4C-431F-BE3E-7D57CC343601}.Release|Any CPU.Build.0 = Release|Any CPU
		{7DAC770C-038D-4522-99D7-B5A576A8E3A7}.Debug|Any CPU.ActiveCfg = Debug|Any CPU
		{7DAC770C-038D-4522-99D7-B5A576A8E3A7}.Debug|Any CPU.Build.0 = Debug|Any CPU
		{7DAC770C-038D-4522-99D7-B5A576A8E3A7}.Release|Any CPU.ActiveCfg = Release|Any CPU
		{7DAC770C-038D-4522-99D7-B5A576A8E3A7}.Release|Any CPU.Build.0 = Release|Any CPU
		{A39FE42B-0521-4785-B95B-7805C1026D01}.Debug|Any CPU.ActiveCfg = Debug|Any CPU
		{A39FE42B-0521-4785-B95B-7805C1026D01}.Debug|Any CPU.Build.0 = Debug|Any CPU
		{A39FE42B-0521-4785-B95B-7805C1026D01}.Release|Any CPU.ActiveCfg = Release|Any CPU
		{A39FE42B-0521-4785-B95B-7805C1026D01}.Release|Any CPU.Build.0 = Release|Any CPU
	EndGlobalSection
	GlobalSection(SolutionProperties) = preSolution
		HideSolutionNode = FALSE
	EndGlobalSection
	GlobalSection(NestedProjects) = preSolution
		{7DAC770C-038D-4522-99D7-B5A576A8E3A7} = {F3B32228-2C1F-4299-9E2B-F149AAB2EF99}
		{A39FE42B-0521-4785-B95B-7805C1026D01} = {F3B32228-2C1F-4299-9E2B-F149AAB2EF99}
	EndGlobalSection
	GlobalSection(ExtensibilityGlobals) = postSolution
		SolutionGuid = {E53F7C35-2D24-4A43-9B25-ECD0A9EED2CF}
	EndGlobalSection
EndGlobal
